// !$*UTF8*$!
{
	archiveVersion = 1;
	classes = {
	};
	objectVersion = 50;
	objects = {

/* Begin PBXBuildFile section */
		BF47A1A620A1904E00D98F4A /* WelcomeController.swift in Sources */ = {isa = PBXBuildFile; fileRef = BF47A1A520A1904E00D98F4A /* WelcomeController.swift */; };
		BF72ED1D20AA681A00632763 /* MCHS.swift in Sources */ = {isa = PBXBuildFile; fileRef = BF72ED1C20AA681A00632763 /* MCHS.swift */; };
		BF72ED1F20AA724700632763 /* AutomaticNotifcations.swift in Sources */ = {isa = PBXBuildFile; fileRef = BF72ED1E20AA724700632763 /* AutomaticNotifcations.swift */; };
		BF77D08B20BE607A00E0EA88 /* LaunchAtLogin.framework in Frameworks */ = {isa = PBXBuildFile; fileRef = BF77D08A20BE607A00E0EA88 /* LaunchAtLogin.framework */; };
		BF77D08C20BE607D00E0EA88 /* LaunchAtLogin.framework in Frameworks */ = {isa = PBXBuildFile; fileRef = BF77D08A20BE607A00E0EA88 /* LaunchAtLogin.framework */; };
		BF77D08D20BE607D00E0EA88 /* LaunchAtLogin.framework in Embed Frameworks */ = {isa = PBXBuildFile; fileRef = BF77D08A20BE607A00E0EA88 /* LaunchAtLogin.framework */; settings = {ATTRIBUTES = (CodeSignOnCopy, RemoveHeadersOnCopy, ); }; };
		BF781BF420A4723900F60E6C /* OutputHandler.swift in Sources */ = {isa = PBXBuildFile; fileRef = BF781BF320A4723800F60E6C /* OutputHandler.swift */; };
		BF853E26209D8584003374CC /* MenuBar.xib in Resources */ = {isa = PBXBuildFile; fileRef = BF853E24209D8584003374CC /* MenuBar.xib */; };
		BF853E27209D8584003374CC /* Preferences.storyboard in Resources */ = {isa = PBXBuildFile; fileRef = BF853E25209D8584003374CC /* Preferences.storyboard */; };
		BF853E31209D88B1003374CC /* eventData.swift in Sources */ = {isa = PBXBuildFile; fileRef = BF853E2E209D88B0003374CC /* eventData.swift */; };
		BF853E32209D88B1003374CC /* HLLNotification.swift in Sources */ = {isa = PBXBuildFile; fileRef = BF853E2F209D88B0003374CC /* HLLNotification.swift */; };
		BF853E37209D88C2003374CC /* MenuBarController.swift in Sources */ = {isa = PBXBuildFile; fileRef = BF853E34209D88C1003374CC /* MenuBarController.swift */; };
		BF853E39209D88C2003374CC /* PreferencesController.swift in Sources */ = {isa = PBXBuildFile; fileRef = BF853E36209D88C1003374CC /* PreferencesController.swift */; };
		BFA81E6120A5B34100C4DB6C /* Welcome.storyboard in Resources */ = {isa = PBXBuildFile; fileRef = BFA81E6020A5B34100C4DB6C /* Welcome.storyboard */; };
		BFAE4A0520BD6A57004E4FE8 /* AppDelegate.swift in Sources */ = {isa = PBXBuildFile; fileRef = BFAE4A0420BD6A57004E4FE8 /* AppDelegate.swift */; };
		BFC2A55320A5DDA50015C97D /* Assets.xcassets in Resources */ = {isa = PBXBuildFile; fileRef = BFC2A55220A5DDA40015C97D /* Assets.xcassets */; };
		BFEB559420AFE919008752FA /* HotKey.framework in Frameworks */ = {isa = PBXBuildFile; fileRef = BFEB559220AFE919008752FA /* HotKey.framework */; };
		BFEB559620AFEA24008752FA /* HotKey.framework in Embed Frameworks */ = {isa = PBXBuildFile; fileRef = BFEB559220AFE919008752FA /* HotKey.framework */; settings = {ATTRIBUTES = (CodeSignOnCopy, RemoveHeadersOnCopy, ); }; };
		BFEC2F9020B6E29000304EA0 /* Cocoa.framework in Frameworks */ = {isa = PBXBuildFile; fileRef = BFEC2F8F20B6E29000304EA0 /* Cocoa.framework */; };
/* End PBXBuildFile section */

/* Begin PBXCopyFilesBuildPhase section */
		BF853E2D209D85AC003374CC /* Embed Frameworks */ = {
			isa = PBXCopyFilesBuildPhase;
			buildActionMask = 2147483647;
			dstPath = "";
			dstSubfolderSpec = 10;
			files = (
				BF77D08D20BE607D00E0EA88 /* LaunchAtLogin.framework in Embed Frameworks */,
				BFEB559620AFEA24008752FA /* HotKey.framework in Embed Frameworks */,
			);
			name = "Embed Frameworks";
			runOnlyForDeploymentPostprocessing = 0;
		};
		BFA2AC7C209B21C400FB4490 /* Embed App Extensions */ = {
			isa = PBXCopyFilesBuildPhase;
			buildActionMask = 2147483647;
			dstPath = "";
			dstSubfolderSpec = 13;
			files = (
			);
			name = "Embed App Extensions";
			runOnlyForDeploymentPostprocessing = 0;
		};
/* End PBXCopyFilesBuildPhase section */

/* Begin PBXFileReference section */
		BF47A1A520A1904E00D98F4A /* WelcomeController.swift */ = {isa = PBXFileReference; lastKnownFileType = sourcecode.swift; path = WelcomeController.swift; sourceTree = "<group>"; };
		BF52AD38209D7FA8007422CA /* How Long Left?.entitlements */ = {isa = PBXFileReference; lastKnownFileType = text.plist.entitlements; path = "How Long Left?.entitlements"; sourceTree = "<group>"; };
		BF72ED1C20AA681A00632763 /* MCHS.swift */ = {isa = PBXFileReference; lastKnownFileType = sourcecode.swift; path = MCHS.swift; sourceTree = "<group>"; };
		BF72ED1E20AA724700632763 /* AutomaticNotifcations.swift */ = {isa = PBXFileReference; lastKnownFileType = sourcecode.swift; path = AutomaticNotifcations.swift; sourceTree = "<group>"; };
		BF77D08A20BE607A00E0EA88 /* LaunchAtLogin.framework */ = {isa = PBXFileReference; lastKnownFileType = wrapper.framework; name = LaunchAtLogin.framework; path = Carthage/Build/Mac/LaunchAtLogin.framework; sourceTree = SOURCE_ROOT; };
		BF781BF320A4723800F60E6C /* OutputHandler.swift */ = {isa = PBXFileReference; fileEncoding = 4; lastKnownFileType = sourcecode.swift; path = OutputHandler.swift; sourceTree = "<group>"; };
		BF8223D820B6CB7B00A711B7 /* ServiceManagement.framework */ = {isa = PBXFileReference; lastKnownFileType = wrapper.framework; name = ServiceManagement.framework; path = System/Library/Frameworks/ServiceManagement.framework; sourceTree = SDKROOT; };
		BF853E17209D8419003374CC /* How Long Left?-Bridging-Header.h */ = {isa = PBXFileReference; lastKnownFileType = sourcecode.c.h; path = "How Long Left?-Bridging-Header.h"; sourceTree = "<group>"; };
		BF853E24209D8584003374CC /* MenuBar.xib */ = {isa = PBXFileReference; fileEncoding = 4; lastKnownFileType = file.xib; path = MenuBar.xib; sourceTree = "<group>"; };
		BF853E25209D8584003374CC /* Preferences.storyboard */ = {isa = PBXFileReference; fileEncoding = 4; lastKnownFileType = file.storyboard; path = Preferences.storyboard; sourceTree = "<group>"; };
		BF853E28209D858E003374CC /* Info.plist */ = {isa = PBXFileReference; fileEncoding = 4; lastKnownFileType = text.plist.xml; path = Info.plist; sourceTree = "<group>"; };
		BF853E2E209D88B0003374CC /* eventData.swift */ = {isa = PBXFileReference; fileEncoding = 4; lastKnownFileType = sourcecode.swift; path = eventData.swift; sourceTree = "<group>"; };
		BF853E2F209D88B0003374CC /* HLLNotification.swift */ = {isa = PBXFileReference; fileEncoding = 4; lastKnownFileType = sourcecode.swift; path = HLLNotification.swift; sourceTree = "<group>"; };
		BF853E34209D88C1003374CC /* MenuBarController.swift */ = {isa = PBXFileReference; fileEncoding = 4; lastKnownFileType = sourcecode.swift; path = MenuBarController.swift; sourceTree = "<group>"; };
		BF853E36209D88C1003374CC /* PreferencesController.swift */ = {isa = PBXFileReference; fileEncoding = 4; lastKnownFileType = sourcecode.swift; path = PreferencesController.swift; sourceTree = "<group>"; };
		BFA81E6020A5B34100C4DB6C /* Welcome.storyboard */ = {isa = PBXFileReference; lastKnownFileType = file.storyboard; path = Welcome.storyboard; sourceTree = "<group>"; };
		BFAE4A0420BD6A57004E4FE8 /* AppDelegate.swift */ = {isa = PBXFileReference; fileEncoding = 4; lastKnownFileType = sourcecode.swift; path = AppDelegate.swift; sourceTree = "<group>"; };
		BFC2A55220A5DDA40015C97D /* Assets.xcassets */ = {isa = PBXFileReference; lastKnownFileType = folder.assetcatalog; path = Assets.xcassets; sourceTree = "<group>"; };
		BFEB00EB20B1994700975F0A /* How Long Left.app */ = {isa = PBXFileReference; explicitFileType = wrapper.application; includeInIndex = 0; path = "How Long Left.app"; sourceTree = BUILT_PRODUCTS_DIR; };
		BFEB559220AFE919008752FA /* HotKey.framework */ = {isa = PBXFileReference; lastKnownFileType = wrapper.framework; path = HotKey.framework; sourceTree = "<group>"; };
		BFEC2F8F20B6E29000304EA0 /* Cocoa.framework */ = {isa = PBXFileReference; lastKnownFileType = wrapper.framework; name = Cocoa.framework; path = System/Library/Frameworks/Cocoa.framework; sourceTree = SDKROOT; };
/* End PBXFileReference section */

/* Begin PBXFrameworksBuildPhase section */
		BF914AD52099393D00927006 /* Frameworks */ = {
			isa = PBXFrameworksBuildPhase;
			buildActionMask = 2147483647;
			files = (
				BF77D08C20BE607D00E0EA88 /* LaunchAtLogin.framework in Frameworks */,
				BFEC2F9020B6E29000304EA0 /* Cocoa.framework in Frameworks */,
				BFEB559420AFE919008752FA /* HotKey.framework in Frameworks */,
				BF77D08B20BE607A00E0EA88 /* LaunchAtLogin.framework in Frameworks */,
			);
			runOnlyForDeploymentPostprocessing = 0;
		};
/* End PBXFrameworksBuildPhase section */

/* Begin PBXGroup section */
		BF7AB70720AFE716006BC1F6 /* Classes */ = {
			isa = PBXGroup;
			children = (
				BFAE4A0420BD6A57004E4FE8 /* AppDelegate.swift */,
				BF853E34209D88C1003374CC /* MenuBarController.swift */,
				BF781BF320A4723800F60E6C /* OutputHandler.swift */,
				BF853E2E209D88B0003374CC /* eventData.swift */,
				BF72ED1E20AA724700632763 /* AutomaticNotifcations.swift */,
				BF72ED1C20AA681A00632763 /* MCHS.swift */,
				BF853E2F209D88B0003374CC /* HLLNotification.swift */,
				BF853E36209D88C1003374CC /* PreferencesController.swift */,
				BF47A1A520A1904E00D98F4A /* WelcomeController.swift */,
			);
			path = Classes;
			sourceTree = "<group>";
		};
		BF7AB70820AFE744006BC1F6 /* UI */ = {
			isa = PBXGroup;
			children = (
				BF853E24209D8584003374CC /* MenuBar.xib */,
				BFA81E6020A5B34100C4DB6C /* Welcome.storyboard */,
				BF853E25209D8584003374CC /* Preferences.storyboard */,
			);
			path = UI;
			sourceTree = "<group>";
		};
		BF7AB70B20AFE77E006BC1F6 /* Supporting Files */ = {
			isa = PBXGroup;
			children = (
				BF853E28209D858E003374CC /* Info.plist */,
				BF52AD38209D7FA8007422CA /* How Long Left?.entitlements */,
				BFC2A55220A5DDA40015C97D /* Assets.xcassets */,
				BF853E17209D8419003374CC /* How Long Left?-Bridging-Header.h */,
			);
			path = "Supporting Files";
			sourceTree = "<group>";
		};
		BF914ACF2099393D00927006 = {
			isa = PBXGroup;
			children = (
				BF7AB70720AFE716006BC1F6 /* Classes */,
				BF7AB70820AFE744006BC1F6 /* UI */,
				BF7AB70B20AFE77E006BC1F6 /* Supporting Files */,
				BFEB559020AFE919008752FA /* Frameworks */,
				BFEB00EB20B1994700975F0A /* How Long Left.app */,
			);
			sourceTree = "<group>";
		};
		BFEB559020AFE919008752FA /* Frameworks */ = {
			isa = PBXGroup;
			children = (
				BF77D08A20BE607A00E0EA88 /* LaunchAtLogin.framework */,
				BFEC2F8F20B6E29000304EA0 /* Cocoa.framework */,
				BF8223D820B6CB7B00A711B7 /* ServiceManagement.framework */,
				BFEB559220AFE919008752FA /* HotKey.framework */,
			);
			path = Frameworks;
			sourceTree = SOURCE_ROOT;
		};
/* End PBXGroup section */

/* Begin PBXNativeTarget section */
		BF914AD72099393D00927006 /* How Long Left */ = {
			isa = PBXNativeTarget;
			buildConfigurationList = BF914AE62099393F00927006 /* Build configuration list for PBXNativeTarget "How Long Left" */;
			buildPhases = (
				BF914AD42099393D00927006 /* Sources */,
				BF914AD52099393D00927006 /* Frameworks */,
				BF914AD62099393D00927006 /* Resources */,
				BFA2AC7C209B21C400FB4490 /* Embed App Extensions */,
				BF853E2D209D85AC003374CC /* Embed Frameworks */,
				BF614EF420BD62BE00D0C408 /* ShellScript */,
			);
			buildRules = (
			);
			dependencies = (
			);
			name = "How Long Left";
			productName = "How Long Left?";
			productReference = BFEB00EB20B1994700975F0A /* How Long Left.app */;
			productType = "com.apple.product-type.application";
		};
/* End PBXNativeTarget section */

/* Begin PBXProject section */
		BF914AD02099393D00927006 /* Project object */ = {
			isa = PBXProject;
			attributes = {
				LastSwiftUpdateCheck = 0930;
				LastUpgradeCheck = 0930;
				ORGANIZATIONNAME = "Ryan Kontos";
				TargetAttributes = {
					BF914AD72099393D00927006 = {
						CreatedOnToolsVersion = 9.3;
						LastSwiftMigration = 0930;
						SystemCapabilities = {
							com.apple.Sandbox = {
								enabled = 1;
							};
						};
					};
				};
			};
			buildConfigurationList = BF914AD32099393D00927006 /* Build configuration list for PBXProject "How Long Left" */;
			compatibilityVersion = "Xcode 9.3";
			developmentRegion = en;
			hasScannedForEncodings = 0;
			knownRegions = (
				en,
				Base,
			);
			mainGroup = BF914ACF2099393D00927006;
			productRefGroup = BF914ACF2099393D00927006;
			projectDirPath = "";
			projectRoot = "";
			targets = (
				BF914AD72099393D00927006 /* How Long Left */,
			);
		};
/* End PBXProject section */

/* Begin PBXResourcesBuildPhase section */
		BF914AD62099393D00927006 /* Resources */ = {
			isa = PBXResourcesBuildPhase;
			buildActionMask = 2147483647;
			files = (
				BF853E27209D8584003374CC /* Preferences.storyboard in Resources */,
				BF853E26209D8584003374CC /* MenuBar.xib in Resources */,
				BFA81E6120A5B34100C4DB6C /* Welcome.storyboard in Resources */,
				BFC2A55320A5DDA50015C97D /* Assets.xcassets in Resources */,
			);
			runOnlyForDeploymentPostprocessing = 0;
		};
/* End PBXResourcesBuildPhase section */

/* Begin PBXShellScriptBuildPhase section */
		BF614EF420BD62BE00D0C408 /* ShellScript */ = {
			isa = PBXShellScriptBuildPhase;
			buildActionMask = 2147483647;
			files = (
			);
			inputPaths = (
			);
			outputPaths = (
			);
			runOnlyForDeploymentPostprocessing = 0;
			shellPath = /bin/sh;
			shellScript = "#!/bin/bash\n\norigin_helper_path=\"$BUILT_PRODUCTS_DIR/$FRAMEWORKS_FOLDER_PATH/LaunchAtLogin.framework/Resources/LaunchAtLoginHelper.app\"\nhelper_dir=\"$BUILT_PRODUCTS_DIR/$CONTENTS_FOLDER_PATH/Library/LoginItems\"\nhelper_path=\"$helper_dir/LaunchAtLoginHelper.app\"\n\nrm -rf \"$helper_path\"\nmkdir -p \"$helper_dir\"\ncp -rf \"$origin_helper_path\" \"$helper_dir/\"\n\ndefaults write \"$helper_path/Contents/Info\" CFBundleIdentifier -string \"$PRODUCT_BUNDLE_IDENTIFIER-LaunchAtLoginHelper\"\ncodesign --force --entitlements=\"$CODE_SIGN_ENTITLEMENTS\" --sign=\"$EXPANDED_CODE_SIGN_IDENTITY_NAME\" \"$helper_path\"\n";
		};
/* End PBXShellScriptBuildPhase section */

/* Begin PBXSourcesBuildPhase section */
		BF914AD42099393D00927006 /* Sources */ = {
			isa = PBXSourcesBuildPhase;
			buildActionMask = 2147483647;
			files = (
				BFAE4A0520BD6A57004E4FE8 /* AppDelegate.swift in Sources */,
				BF72ED1F20AA724700632763 /* AutomaticNotifcations.swift in Sources */,
				BF72ED1D20AA681A00632763 /* MCHS.swift in Sources */,
				BF47A1A620A1904E00D98F4A /* WelcomeController.swift in Sources */,
				BF853E32209D88B1003374CC /* HLLNotification.swift in Sources */,
				BF853E39209D88C2003374CC /* PreferencesController.swift in Sources */,
				BF853E37209D88C2003374CC /* MenuBarController.swift in Sources */,
				BF853E31209D88B1003374CC /* eventData.swift in Sources */,
				BF781BF420A4723900F60E6C /* OutputHandler.swift in Sources */,
			);
			runOnlyForDeploymentPostprocessing = 0;
		};
/* End PBXSourcesBuildPhase section */

/* Begin XCBuildConfiguration section */
		BF914AE42099393F00927006 /* Debug */ = {
			isa = XCBuildConfiguration;
			buildSettings = {
				ALWAYS_SEARCH_USER_PATHS = NO;
				CLANG_ANALYZER_NONNULL = YES;
				CLANG_ANALYZER_NUMBER_OBJECT_CONVERSION = YES_AGGRESSIVE;
				CLANG_CXX_LANGUAGE_STANDARD = "gnu++14";
				CLANG_CXX_LIBRARY = "libc++";
				CLANG_ENABLE_MODULES = YES;
				CLANG_ENABLE_OBJC_ARC = YES;
				CLANG_ENABLE_OBJC_WEAK = YES;
				CLANG_WARN_BLOCK_CAPTURE_AUTORELEASING = YES;
				CLANG_WARN_BOOL_CONVERSION = YES;
				CLANG_WARN_COMMA = YES;
				CLANG_WARN_CONSTANT_CONVERSION = YES;
				CLANG_WARN_DEPRECATED_OBJC_IMPLEMENTATIONS = YES;
				CLANG_WARN_DIRECT_OBJC_ISA_USAGE = YES_ERROR;
				CLANG_WARN_DOCUMENTATION_COMMENTS = YES;
				CLANG_WARN_EMPTY_BODY = YES;
				CLANG_WARN_ENUM_CONVERSION = YES;
				CLANG_WARN_INFINITE_RECURSION = YES;
				CLANG_WARN_INT_CONVERSION = YES;
				CLANG_WARN_NON_LITERAL_NULL_CONVERSION = YES;
				CLANG_WARN_OBJC_IMPLICIT_RETAIN_SELF = YES;
				CLANG_WARN_OBJC_LITERAL_CONVERSION = YES;
				CLANG_WARN_OBJC_ROOT_CLASS = YES_ERROR;
				CLANG_WARN_RANGE_LOOP_ANALYSIS = YES;
				CLANG_WARN_STRICT_PROTOTYPES = YES;
				CLANG_WARN_SUSPICIOUS_MOVE = YES;
				CLANG_WARN_UNGUARDED_AVAILABILITY = YES_AGGRESSIVE;
				CLANG_WARN_UNREACHABLE_CODE = YES;
				CLANG_WARN__DUPLICATE_METHOD_MATCH = YES;
				CODE_SIGN_IDENTITY = "Mac Developer";
				COPY_PHASE_STRIP = NO;
				DEBUG_INFORMATION_FORMAT = dwarf;
				ENABLE_STRICT_OBJC_MSGSEND = YES;
				ENABLE_TESTABILITY = YES;
				GCC_C_LANGUAGE_STANDARD = gnu11;
				GCC_DYNAMIC_NO_PIC = NO;
				GCC_NO_COMMON_BLOCKS = YES;
				GCC_OPTIMIZATION_LEVEL = 0;
				GCC_PREPROCESSOR_DEFINITIONS = (
					"DEBUG=1",
					"$(inherited)",
				);
				GCC_WARN_64_TO_32_BIT_CONVERSION = YES;
				GCC_WARN_ABOUT_RETURN_TYPE = YES_ERROR;
				GCC_WARN_UNDECLARED_SELECTOR = YES;
				GCC_WARN_UNINITIALIZED_AUTOS = YES_AGGRESSIVE;
				GCC_WARN_UNUSED_FUNCTION = YES;
				GCC_WARN_UNUSED_VARIABLE = YES;
				MACOSX_DEPLOYMENT_TARGET = 10.13;
				MTL_ENABLE_DEBUG_INFO = YES;
				ONLY_ACTIVE_ARCH = YES;
				SDKROOT = macosx;
				SWIFT_ACTIVE_COMPILATION_CONDITIONS = DEBUG;
				SWIFT_OPTIMIZATION_LEVEL = "-Onone";
			};
			name = Debug;
		};
		BF914AE52099393F00927006 /* Release */ = {
			isa = XCBuildConfiguration;
			buildSettings = {
				ALWAYS_SEARCH_USER_PATHS = NO;
				CLANG_ANALYZER_NONNULL = YES;
				CLANG_ANALYZER_NUMBER_OBJECT_CONVERSION = YES_AGGRESSIVE;
				CLANG_CXX_LANGUAGE_STANDARD = "gnu++14";
				CLANG_CXX_LIBRARY = "libc++";
				CLANG_ENABLE_MODULES = YES;
				CLANG_ENABLE_OBJC_ARC = YES;
				CLANG_ENABLE_OBJC_WEAK = YES;
				CLANG_WARN_BLOCK_CAPTURE_AUTORELEASING = YES;
				CLANG_WARN_BOOL_CONVERSION = YES;
				CLANG_WARN_COMMA = YES;
				CLANG_WARN_CONSTANT_CONVERSION = YES;
				CLANG_WARN_DEPRECATED_OBJC_IMPLEMENTATIONS = YES;
				CLANG_WARN_DIRECT_OBJC_ISA_USAGE = YES_ERROR;
				CLANG_WARN_DOCUMENTATION_COMMENTS = YES;
				CLANG_WARN_EMPTY_BODY = YES;
				CLANG_WARN_ENUM_CONVERSION = YES;
				CLANG_WARN_INFINITE_RECURSION = YES;
				CLANG_WARN_INT_CONVERSION = YES;
				CLANG_WARN_NON_LITERAL_NULL_CONVERSION = YES;
				CLANG_WARN_OBJC_IMPLICIT_RETAIN_SELF = YES;
				CLANG_WARN_OBJC_LITERAL_CONVERSION = YES;
				CLANG_WARN_OBJC_ROOT_CLASS = YES_ERROR;
				CLANG_WARN_RANGE_LOOP_ANALYSIS = YES;
				CLANG_WARN_STRICT_PROTOTYPES = YES;
				CLANG_WARN_SUSPICIOUS_MOVE = YES;
				CLANG_WARN_UNGUARDED_AVAILABILITY = YES_AGGRESSIVE;
				CLANG_WARN_UNREACHABLE_CODE = YES;
				CLANG_WARN__DUPLICATE_METHOD_MATCH = YES;
				CODE_SIGN_IDENTITY = "Mac Developer";
				COPY_PHASE_STRIP = NO;
				DEBUG_INFORMATION_FORMAT = "dwarf-with-dsym";
				ENABLE_NS_ASSERTIONS = NO;
				ENABLE_STRICT_OBJC_MSGSEND = YES;
				GCC_C_LANGUAGE_STANDARD = gnu11;
				GCC_NO_COMMON_BLOCKS = YES;
				GCC_WARN_64_TO_32_BIT_CONVERSION = YES;
				GCC_WARN_ABOUT_RETURN_TYPE = YES_ERROR;
				GCC_WARN_UNDECLARED_SELECTOR = YES;
				GCC_WARN_UNINITIALIZED_AUTOS = YES_AGGRESSIVE;
				GCC_WARN_UNUSED_FUNCTION = YES;
				GCC_WARN_UNUSED_VARIABLE = YES;
				MACOSX_DEPLOYMENT_TARGET = 10.13;
				MTL_ENABLE_DEBUG_INFO = NO;
				SDKROOT = macosx;
				SWIFT_COMPILATION_MODE = wholemodule;
				SWIFT_OPTIMIZATION_LEVEL = "-O";
			};
			name = Release;
		};
		BF914AE72099393F00927006 /* Debug */ = {
			isa = XCBuildConfiguration;
			buildSettings = {
				ALWAYS_EMBED_SWIFT_STANDARD_LIBRARIES = YES;
				ASSETCATALOG_COMPILER_APPICON_NAME = AppIcon;
				CLANG_ENABLE_MODULES = YES;
				CODE_SIGN_ENTITLEMENTS = "Supporting Files/How Long Left?.entitlements";
				CODE_SIGN_STYLE = Automatic;
				COMBINE_HIDPI_IMAGES = YES;
				DEVELOPMENT_TEAM = 5AMFX8X5ZN;
				FRAMEWORK_SEARCH_PATHS = (
					"$(inherited)",
					"$(PROJECT_DIR)",
					"$(PROJECT_DIR)/Frameworks",
					"$(PROJECT_DIR)/Carthage/Build/Mac",
				);
				INFOPLIST_FILE = "$(SRCROOT)/Supporting Files/Info.plist";
				LD_RUNPATH_SEARCH_PATHS = (
					"$(inherited)",
					"@executable_path/../Frameworks",
					"@loader_path/../Frameworks",
				);
				MACOSX_DEPLOYMENT_TARGET = 10.13;
				PRODUCT_BUNDLE_IDENTIFIER = "ryankontos.How-Long-Left-Mac";
				PRODUCT_NAME = "$(TARGET_NAME)";
				STRIP_INSTALLED_PRODUCT = NO;
				SWIFT_OBJC_BRIDGING_HEADER = "Supporting Files/How Long Left?-Bridging-Header.h";
				SWIFT_OPTIMIZATION_LEVEL = "-Onone";
				SWIFT_VERSION = 4.0;
			};
			name = Debug;
		};
		BF914AE82099393F00927006 /* Release */ = {
			isa = XCBuildConfiguration;
			buildSettings = {
				ALWAYS_EMBED_SWIFT_STANDARD_LIBRARIES = YES;
				ASSETCATALOG_COMPILER_APPICON_NAME = AppIcon;
				CLANG_ENABLE_MODULES = YES;
				CODE_SIGN_ENTITLEMENTS = "Supporting Files/How Long Left?.entitlements";
				CODE_SIGN_STYLE = Automatic;
				COMBINE_HIDPI_IMAGES = YES;
				DEVELOPMENT_TEAM = 5AMFX8X5ZN;
				FRAMEWORK_SEARCH_PATHS = (
					"$(inherited)",
					"$(PROJECT_DIR)",
					"$(PROJECT_DIR)/Frameworks",
					"$(PROJECT_DIR)/Carthage/Build/Mac",
				);
				INFOPLIST_FILE = "$(SRCROOT)/Supporting Files/Info.plist";
				LD_RUNPATH_SEARCH_PATHS = (
					"$(inherited)",
					"@executable_path/../Frameworks",
					"@loader_path/../Frameworks",
				);
				MACOSX_DEPLOYMENT_TARGET = 10.13;
				PRODUCT_BUNDLE_IDENTIFIER = "ryankontos.How-Long-Left-Mac";
				PRODUCT_NAME = "$(TARGET_NAME)";
				STRIP_INSTALLED_PRODUCT = NO;
				SWIFT_OBJC_BRIDGING_HEADER = "Supporting Files/How Long Left?-Bridging-Header.h";
				SWIFT_VERSION = 4.0;
			};
			name = Release;
		};
/* End XCBuildConfiguration section */

/* Begin XCConfigurationList section */
		BF914AD32099393D00927006 /* Build configuration list for PBXProject "How Long Left" */ = {
			isa = XCConfigurationList;
			buildConfigurations = (
				BF914AE42099393F00927006 /* Debug */,
				BF914AE52099393F00927006 /* Release */,
			);
			defaultConfigurationIsVisible = 0;
			defaultConfigurationName = Release;
		};
		BF914AE62099393F00927006 /* Build configuration list for PBXNativeTarget "How Long Left" */ = {
			isa = XCConfigurationList;
			buildConfigurations = (
				BF914AE72099393F00927006 /* Debug */,
				BF914AE82099393F00927006 /* Release */,
			);
			defaultConfigurationIsVisible = 0;
			defaultConfigurationName = Release;
		};
/* End XCConfigurationList section */
	};
	rootObject = BF914AD02099393D00927006 /* Project object */;
}
